
Microsoft Visual Studio Solution File, Format Version 12.00
# Visual Studio 15
VisualStudioVersion = 15.0.28307.271
MinimumVisualStudioVersion = 10.0.40219.1
Project("{9A19103F-16F7-4668-BE54-9A1E7A4F7556}") = "ModelClassWebApp.Service", "MyCalculatorWebApp\ModelClassWebApp.Service.csproj", "{6F251430-E48E-4113-9499-2BAA9F192143}"
EndProject
Project("{9A19103F-16F7-4668-BE54-9A1E7A4F7556}") = "XUnitIntegrationTest.Tests", "XUnitIntegrationTest\XUnitIntegrationTest.Tests.csproj", "{78C18741-BF10-4416-9373-EBA57E52FBCA}"
EndProject
Project("{E53339B2-1760-4266-BCC7-CA923CBCF16C}") = "docker-compose", "docker-compose.dcproj", "{2CD5BF01-799C-4A25-970E-CF9C9D33C3FA}"
EndProject
Global
	GlobalSection(SolutionConfigurationPlatforms) = preSolution
		Debug|Any CPU = Debug|Any CPU
		Release|Any CPU = Release|Any CPU
	EndGlobalSection
	GlobalSection(ProjectConfigurationPlatforms) = postSolution
		{6F251430-E48E-4113-9499-2BAA9F192143}.Debug|Any CPU.ActiveCfg = Debug|Any CPU
		{6F251430-E48E-4113-9499-2BAA9F192143}.Debug|Any CPU.Build.0 = Debug|Any CPU
		{6F251430-E48E-4113-9499-2BAA9F192143}.Release|Any CPU.ActiveCfg = Release|Any CPU
		{6F251430-E48E-4113-9499-2BAA9F192143}.Release|Any CPU.Build.0 = Release|Any CPU
		{78C18741-BF10-4416-9373-EBA57E52FBCA}.Debug|Any CPU.ActiveCfg = Debug|Any CPU
		{78C18741-BF10-4416-9373-EBA57E52FBCA}.Debug|Any CPU.Build.0 = Debug|Any CPU
		{78C18741-BF10-4416-9373-EBA57E52FBCA}.Release|Any CPU.ActiveCfg = Release|Any CPU
		{78C18741-BF10-4416-9373-EBA57E52FBCA}.Release|Any CPU.Build.0 = Release|Any CPU
		{2CD5BF01-799C-4A25-970E-CF9C9D33C3FA}.Debug|Any CPU.ActiveCfg = Debug|Any CPU
		{2CD5BF01-799C-4A25-970E-CF9C9D33C3FA}.Debug|Any CPU.Build.0 = Debug|Any CPU
		{2CD5BF01-799C-4A25-970E-CF9C9D33C3FA}.Release|Any CPU.ActiveCfg = Release|Any CPU
		{2CD5BF01-799C-4A25-970E-CF9C9D33C3FA}.Release|Any CPU.Build.0 = Release|Any CPU
	EndGlobalSection
	GlobalSection(SolutionProperties) = preSolution
		HideSolutionNode = FALSE
	EndGlobalSection
	GlobalSection(ExtensibilityGlobals) = postSolution
		SolutionGuid = {A1E26EF3-44CB-42F9-9ACF-327823650F1D}
	EndGlobalSection
EndGlobal
